
Microsoft Visual Studio Solution File, Format Version 12.00
Project("{FAE04EC0-301F-11D3-BF4B-00C04F79EFBC}") = "TechZoneAdminWinFormsTest", "TechZoneAdminWinFormsTest\TechZoneAdminWinFormsTest.csproj", "{C22C41A7-7AA7-4426-87E7-9A62862F7C84}"
EndProject
Global
	GlobalSection(SolutionConfigurationPlatforms) = preSolution
		Debug|Any CPU = Debug|Any CPU
		Release|Any CPU = Release|Any CPU
	EndGlobalSection
	GlobalSection(ProjectConfigurationPlatforms) = postSolution
		{C22C41A7-7AA7-4426-87E7-9A62862F7C84}.Debug|Any CPU.ActiveCfg = Debug|Any CPU
		{C22C41A7-7AA7-4426-87E7-9A62862F7C84}.Debug|Any CPU.Build.0 = Debug|Any CPU
		{C22C41A7-7AA7-4426-87E7-9A62862F7C84}.Release|Any CPU.ActiveCfg = Release|Any CPU
		{C22C41A7-7AA7-4426-87E7-9A62862F7C84}.Release|Any CPU.Build.0 = Release|Any CPU
	EndGlobalSection
EndGlobal
